dependencies:
  espressif/led_strip:
    component_hash: null
    source:
      path: /home/nicolas/github/time-tracker-device/managed_components/espressif__led_strip
      type: local
    version: 3.0.1
  idf:
    component_hash: null
    source:
      type: idf
    version: 5.4.1
  joltwallet/littlefs:
    component_hash: null
    source:
      path: /home/nicolas/github/time-tracker-device/managed_components/joltwallet__littlefs
      type: local
    version: 1.20.0
manifest_hash: 324aad46ea91d0c7a2d13cd45f6345686d81ed3c6f61abd184d97423fe24aa9c
target: esp32c3
version: 1.0.0
