dependencies:
  espressif/led_strip:
    component_hash: null
    source:
      path: /home/nicolas/github/time-tracker-device/managed_components/espressif__led_strip
      type: local
    version: 3.0.1
  idf:
    component_hash: null
    source:
      type: idf
    version: 5.4.1
  joltwallet/littlefs:
    component_hash: null
    source:
      path: /home/nicolas/github/time-tracker-device/managed_components/joltwallet__littlefs
      type: local
    version: 1.20.0
manifest_hash: c6cd467726d36d08567eb994b67888cf9134b5e88c16963b29090fbfee6ffc77
target: esp32c3
version: 1.0.0
